
Microsoft Visual Studio Solution File, Format Version 12.00
# Visual Studio 2013
VisualStudioVersion = 12.0.40629.0
MinimumVisualStudioVersion = 10.0.40219.1
Project("{FAE04EC0-301F-11D3-BF4B-00C04F79EFBC}") = "Choice Of Life", "Choice Of Life\Choice Of Life.csproj", "{3A58EB28-D165-491B-92BC-616CA50F0E30}"
EndProject
Project("{FAE04EC0-301F-11D3-BF4B-00C04F79EFBC}") = "Level1", "Level1\Level1.csproj", "{49A20EF6-C680-4CAB-A0A2-09D77D4FC474}"
EndProject
Project("{FAE04EC0-301F-11D3-BF4B-00C04F79EFBC}") = "Level2", "Level2\Level2.csproj", "{EBD94DF9-842B-40F7-A88E-1E72F0031FE5}"
EndProject
Project("{FAE04EC0-301F-11D3-BF4B-00C04F79EFBC}") = "Level3", "Level3\Level3.csproj", "{161FEEAE-3A7E-4827-8B21-4203CEBDF5D5}"
EndProject
Project("{FAE04EC0-301F-11D3-BF4B-00C04F79EFBC}") = "Level4", "Level4\Level4.csproj", "{DC2D90FF-4D89-47F9-8DCA-7C71DFD41BD5}"
EndProject
Global
	GlobalSection(SolutionConfigurationPlatforms) = preSolution
		Debug|Any CPU = Debug|Any CPU
		Release|Any CPU = Release|Any CPU
	EndGlobalSection
	GlobalSection(ProjectConfigurationPlatforms) = postSolution
		{3A58EB28-D165-491B-92BC-616CA50F0E30}.Debug|Any CPU.ActiveCfg = Debug|Any CPU
		{3A58EB28-D165-491B-92BC-616CA50F0E30}.Debug|Any CPU.Build.0 = Debug|Any CPU
		{3A58EB28-D165-491B-92BC-616CA50F0E30}.Release|Any CPU.ActiveCfg = Release|Any CPU
		{3A58EB28-D165-491B-92BC-616CA50F0E30}.Release|Any CPU.Build.0 = Release|Any CPU
		{49A20EF6-C680-4CAB-A0A2-09D77D4FC474}.Debug|Any CPU.ActiveCfg = Debug|Any CPU
		{49A20EF6-C680-4CAB-A0A2-09D77D4FC474}.Debug|Any CPU.Build.0 = Debug|Any CPU
		{49A20EF6-C680-4CAB-A0A2-09D77D4FC474}.Release|Any CPU.ActiveCfg = Release|Any CPU
		{49A20EF6-C680-4CAB-A0A2-09D77D4FC474}.Release|Any CPU.Build.0 = Release|Any CPU
		{EBD94DF9-842B-40F7-A88E-1E72F0031FE5}.Debug|Any CPU.ActiveCfg = Debug|Any CPU
		{EBD94DF9-842B-40F7-A88E-1E72F0031FE5}.Debug|Any CPU.Build.0 = Debug|Any CPU
		{EBD94DF9-842B-40F7-A88E-1E72F0031FE5}.Release|Any CPU.ActiveCfg = Release|Any CPU
		{EBD94DF9-842B-40F7-A88E-1E72F0031FE5}.Release|Any CPU.Build.0 = Release|Any CPU
		{161FEEAE-3A7E-4827-8B21-4203CEBDF5D5}.Debug|Any CPU.ActiveCfg = Debug|Any CPU
		{161FEEAE-3A7E-4827-8B21-4203CEBDF5D5}.Debug|Any CPU.Build.0 = Debug|Any CPU
		{161FEEAE-3A7E-4827-8B21-4203CEBDF5D5}.Release|Any CPU.ActiveCfg = Release|Any CPU
		{161FEEAE-3A7E-4827-8B21-4203CEBDF5D5}.Release|Any CPU.Build.0 = Release|Any CPU
		{DC2D90FF-4D89-47F9-8DCA-7C71DFD41BD5}.Debug|Any CPU.ActiveCfg = Debug|Any CPU
		{DC2D90FF-4D89-47F9-8DCA-7C71DFD41BD5}.Debug|Any CPU.Build.0 = Debug|Any CPU
		{DC2D90FF-4D89-47F9-8DCA-7C71DFD41BD5}.Release|Any CPU.ActiveCfg = Release|Any CPU
		{DC2D90FF-4D89-47F9-8DCA-7C71DFD41BD5}.Release|Any CPU.Build.0 = Release|Any CPU
	EndGlobalSection
	GlobalSection(SolutionProperties) = preSolution
		HideSolutionNode = FALSE
	EndGlobalSection
EndGlobal
